// !$*UTF8*$!
{
	archiveVersion = 1;
	classes = {
	};
	objectVersion = 56;
	objects = {

/* Begin PBXBuildFile section */
		B71B19DA2D0FDB450015553D /* LoginViewController.swift in Sources */ = {isa = PBXBuildFile; fileRef = B71B19D92D0FDB450015553D /* LoginViewController.swift */; };
		B71B19DC2D0FDE210015553D /* ListPeliculasViewController.swift in Sources */ = {isa = PBXBuildFile; fileRef = B71B19DB2D0FDE210015553D /* ListPeliculasViewController.swift */; };
		B71B19DE2D0FDE2E0015553D /* RegistrarPeliculaViewController.swift in Sources */ = {isa = PBXBuildFile; fileRef = B71B19DD2D0FDE2E0015553D /* RegistrarPeliculaViewController.swift */; };
		B71B19E02D0FDE410015553D /* EditarPeliculaViewController.swift in Sources */ = {isa = PBXBuildFile; fileRef = B71B19DF2D0FDE410015553D /* EditarPeliculaViewController.swift */; };
		B71B19E22D0FDE450015553D /* PeliculaTableViewCell.swift in Sources */ = {isa = PBXBuildFile; fileRef = B71B19E12D0FDE450015553D /* PeliculaTableViewCell.swift */; };
		B71B19E42D0FDE4A0015553D /* DulceriaTableViewCell.swift in Sources */ = {isa = PBXBuildFile; fileRef = B71B19E32D0FDE4A0015553D /* DulceriaTableViewCell.swift */; };
		B71B19E62D0FDE4D0015553D /* EditarDulceriaViewController.swift in Sources */ = {isa = PBXBuildFile; fileRef = B71B19E52D0FDE4D0015553D /* EditarDulceriaViewController.swift */; };
		B71B19E82D0FDE5A0015553D /* ListDulceriaViewController.swift in Sources */ = {isa = PBXBuildFile; fileRef = B71B19E72D0FDE5A0015553D /* ListDulceriaViewController.swift */; };
		B71B19EA2D0FDE5E0015553D /* RegistrarDulceViewController.swift in Sources */ = {isa = PBXBuildFile; fileRef = B71B19E92D0FDE5E0015553D /* RegistrarDulceViewController.swift */; };
		B7A671632D0F757A00680231 /* AppDelegate.swift in Sources */ = {isa = PBXBuildFile; fileRef = B7A671622D0F757A00680231 /* AppDelegate.swift */; };
		B7A671652D0F757A00680231 /* SceneDelegate.swift in Sources */ = {isa = PBXBuildFile; fileRef = B7A671642D0F757A00680231 /* SceneDelegate.swift */; };
		B7A671672D0F757A00680231 /* ViewController.swift in Sources */ = {isa = PBXBuildFile; fileRef = B7A671662D0F757A00680231 /* ViewController.swift */; };
		B7A6716A2D0F757A00680231 /* Main.storyboard in Resources */ = {isa = PBXBuildFile; fileRef = B7A671682D0F757A00680231 /* Main.storyboard */; };
		B7A6716D2D0F757A00680231 /* cinespoiler_ios.xcdatamodeld in Sources */ = {isa = PBXBuildFile; fileRef = B7A6716B2D0F757A00680231 /* cinespoiler_ios.xcdatamodeld */; };
		B7A6716F2D0F757B00680231 /* Assets.xcassets in Resources */ = {isa = PBXBuildFile; fileRef = B7A6716E2D0F757B00680231 /* Assets.xcassets */; };
		B7A671722D0F757B00680231 /* LaunchScreen.storyboard in Resources */ = {isa = PBXBuildFile; fileRef = B7A671702D0F757B00680231 /* LaunchScreen.storyboard */; };
		B7A6717A2D0F8A6500680231 /* peliculas in Resources */ = {isa = PBXBuildFile; fileRef = B7A671792D0F8A6500680231 /* peliculas */; };
		B7A6717C2D0F8A8100680231 /* dulceria in Resources */ = {isa = PBXBuildFile; fileRef = B7A6717B2D0F8A8100680231 /* dulceria */; };
/* End PBXBuildFile section */

/* Begin PBXFileReference section */
		B71B19D92D0FDB450015553D /* LoginViewController.swift */ = {isa = PBXFileReference; lastKnownFileType = sourcecode.swift; path = LoginViewController.swift; sourceTree = "<group>"; };
		B71B19DB2D0FDE210015553D /* ListPeliculasViewController.swift */ = {isa = PBXFileReference; lastKnownFileType = sourcecode.swift; path = ListPeliculasViewController.swift; sourceTree = "<group>"; };
		B71B19DD2D0FDE2E0015553D /* RegistrarPeliculaViewController.swift */ = {isa = PBXFileReference; lastKnownFileType = sourcecode.swift; path = RegistrarPeliculaViewController.swift; sourceTree = "<group>"; };
		B71B19DF2D0FDE410015553D /* EditarPeliculaViewController.swift */ = {isa = PBXFileReference; lastKnownFileType = sourcecode.swift; path = EditarPeliculaViewController.swift; sourceTree = "<group>"; };
		B71B19E12D0FDE450015553D /* PeliculaTableViewCell.swift */ = {isa = PBXFileReference; lastKnownFileType = sourcecode.swift; path = PeliculaTableViewCell.swift; sourceTree = "<group>"; };
		B71B19E32D0FDE4A0015553D /* DulceriaTableViewCell.swift */ = {isa = PBXFileReference; lastKnownFileType = sourcecode.swift; path = DulceriaTableViewCell.swift; sourceTree = "<group>"; };
		B71B19E52D0FDE4D0015553D /* EditarDulceriaViewController.swift */ = {isa = PBXFileReference; lastKnownFileType = sourcecode.swift; path = EditarDulceriaViewController.swift; sourceTree = "<group>"; };
		B71B19E72D0FDE5A0015553D /* ListDulceriaViewController.swift */ = {isa = PBXFileReference; lastKnownFileType = sourcecode.swift; path = ListDulceriaViewController.swift; sourceTree = "<group>"; };
		B71B19E92D0FDE5E0015553D /* RegistrarDulceViewController.swift */ = {isa = PBXFileReference; lastKnownFileType = sourcecode.swift; path = RegistrarDulceViewController.swift; sourceTree = "<group>"; };
		B7A6715F2D0F757A00680231 /* cinespoiler_ios.app */ = {isa = PBXFileReference; explicitFileType = wrapper.application; includeInIndex = 0; path = cinespoiler_ios.app; sourceTree = BUILT_PRODUCTS_DIR; };
		B7A671622D0F757A00680231 /* AppDelegate.swift */ = {isa = PBXFileReference; lastKnownFileType = sourcecode.swift; path = AppDelegate.swift; sourceTree = "<group>"; };
		B7A671642D0F757A00680231 /* SceneDelegate.swift */ = {isa = PBXFileReference; lastKnownFileType = sourcecode.swift; path = SceneDelegate.swift; sourceTree = "<group>"; };
		B7A671662D0F757A00680231 /* ViewController.swift */ = {isa = PBXFileReference; lastKnownFileType = sourcecode.swift; path = ViewController.swift; sourceTree = "<group>"; };
		B7A671692D0F757A00680231 /* Base */ = {isa = PBXFileReference; lastKnownFileType = file.storyboard; name = Base; path = Base.lproj/Main.storyboard; sourceTree = "<group>"; };
		B7A6716C2D0F757A00680231 /* cinespoiler_ios.xcdatamodel */ = {isa = PBXFileReference; lastKnownFileType = wrapper.xcdatamodel; path = cinespoiler_ios.xcdatamodel; sourceTree = "<group>"; };
		B7A6716E2D0F757B00680231 /* Assets.xcassets */ = {isa = PBXFileReference; lastKnownFileType = folder.assetcatalog; path = Assets.xcassets; sourceTree = "<group>"; };
		B7A671712D0F757B00680231 /* Base */ = {isa = PBXFileReference; lastKnownFileType = file.storyboard; name = Base; path = Base.lproj/LaunchScreen.storyboard; sourceTree = "<group>"; };
		B7A671732D0F757B00680231 /* Info.plist */ = {isa = PBXFileReference; lastKnownFileType = text.plist.xml; path = Info.plist; sourceTree = "<group>"; };
		B7A671792D0F8A6500680231 /* peliculas */ = {isa = PBXFileReference; lastKnownFileType = folder; path = peliculas; sourceTree = "<group>"; };
		B7A6717B2D0F8A8100680231 /* dulceria */ = {isa = PBXFileReference; lastKnownFileType = folder; path = dulceria; sourceTree = "<group>"; };
/* End PBXFileReference section */

/* Begin PBXFrameworksBuildPhase section */
		B7A6715C2D0F757A00680231 /* Frameworks */ = {
			isa = PBXFrameworksBuildPhase;
			buildActionMask = 2147483647;
			files = (
			);
			runOnlyForDeploymentPostprocessing = 0;
		};
/* End PBXFrameworksBuildPhase section */

/* Begin PBXGroup section */
		B7A671562D0F757A00680231 = {
			isa = PBXGroup;
			children = (
				B7A671612D0F757A00680231 /* cinespoiler_ios */,
				B7A671602D0F757A00680231 /* Products */,
			);
			sourceTree = "<group>";
		};
		B7A671602D0F757A00680231 /* Products */ = {
			isa = PBXGroup;
			children = (
				B7A6715F2D0F757A00680231 /* cinespoiler_ios.app */,
			);
			name = Products;
			sourceTree = "<group>";
		};
		B7A671612D0F757A00680231 /* cinespoiler_ios */ = {
			isa = PBXGroup;
			children = (
				B71B19E92D0FDE5E0015553D /* RegistrarDulceViewController.swift */,
				B71B19E72D0FDE5A0015553D /* ListDulceriaViewController.swift */,
				B71B19E52D0FDE4D0015553D /* EditarDulceriaViewController.swift */,
				B71B19E32D0FDE4A0015553D /* DulceriaTableViewCell.swift */,
				B71B19E12D0FDE450015553D /* PeliculaTableViewCell.swift */,
				B71B19DF2D0FDE410015553D /* EditarPeliculaViewController.swift */,
				B71B19DD2D0FDE2E0015553D /* RegistrarPeliculaViewController.swift */,
				B71B19DB2D0FDE210015553D /* ListPeliculasViewController.swift */,
				B7A6717B2D0F8A8100680231 /* dulceria */,
				B7A671792D0F8A6500680231 /* peliculas */,
				B7A671622D0F757A00680231 /* AppDelegate.swift */,
				B7A671642D0F757A00680231 /* SceneDelegate.swift */,
				B7A671662D0F757A00680231 /* ViewController.swift */,
				B7A671682D0F757A00680231 /* Main.storyboard */,
				B71B19D92D0FDB450015553D /* LoginViewController.swift */,
				B7A6716E2D0F757B00680231 /* Assets.xcassets */,
				B7A671702D0F757B00680231 /* LaunchScreen.storyboard */,
				B7A671732D0F757B00680231 /* Info.plist */,
				B7A6716B2D0F757A00680231 /* cinespoiler_ios.xcdatamodeld */,
			);
			path = cinespoiler_ios;
			sourceTree = "<group>";
		};
/* End PBXGroup section */

/* Begin PBXNativeTarget section */
		B7A6715E2D0F757A00680231 /* cinespoiler_ios */ = {
			isa = PBXNativeTarget;
			buildConfigurationList = B7A671762D0F757B00680231 /* Build configuration list for PBXNativeTarget "cinespoiler_ios" */;
			buildPhases = (
				B7A6715B2D0F757A00680231 /* Sources */,
				B7A6715C2D0F757A00680231 /* Frameworks */,
				B7A6715D2D0F757A00680231 /* Resources */,
			);
			buildRules = (
			);
			dependencies = (
			);
			name = cinespoiler_ios;
			productName = cinespoiler_ios;
			productReference = B7A6715F2D0F757A00680231 /* cinespoiler_ios.app */;
			productType = "com.apple.product-type.application";
		};
/* End PBXNativeTarget section */

/* Begin PBXProject section */
		B7A671572D0F757A00680231 /* Project object */ = {
			isa = PBXProject;
			attributes = {
				BuildIndependentTargetsInParallel = 1;
				LastSwiftUpdateCheck = 1420;
				LastUpgradeCheck = 1420;
				TargetAttributes = {
					B7A6715E2D0F757A00680231 = {
						CreatedOnToolsVersion = 14.2;
					};
				};
			};
			buildConfigurationList = B7A6715A2D0F757A00680231 /* Build configuration list for PBXProject "cinespoiler_ios" */;
			compatibilityVersion = "Xcode 14.0";
			developmentRegion = en;
			hasScannedForEncodings = 0;
			knownRegions = (
				en,
				Base,
			);
			mainGroup = B7A671562D0F757A00680231;
			productRefGroup = B7A671602D0F757A00680231 /* Products */;
			projectDirPath = "";
			projectRoot = "";
			targets = (
				B7A6715E2D0F757A00680231 /* cinespoiler_ios */,
			);
		};
/* End PBXProject section */

/* Begin PBXResourcesBuildPhase section */
		B7A6715D2D0F757A00680231 /* Resources */ = {
			isa = PBXResourcesBuildPhase;
			buildActionMask = 2147483647;
			files = (
				B7A6717C2D0F8A8100680231 /* dulceria in Resources */,
				B7A671722D0F757B00680231 /* LaunchScreen.storyboard in Resources */,
				B7A6716F2D0F757B00680231 /* Assets.xcassets in Resources */,
				B7A6716A2D0F757A00680231 /* Main.storyboard in Resources */,
				B7A6717A2D0F8A6500680231 /* peliculas in Resources */,
			);
			runOnlyForDeploymentPostprocessing = 0;
		};
/* End PBXResourcesBuildPhase section */

/* Begin PBXSourcesBuildPhase section */
		B7A6715B2D0F757A00680231 /* Sources */ = {
			isa = PBXSourcesBuildPhase;
			buildActionMask = 2147483647;
			files = (
				B71B19E42D0FDE4A0015553D /* DulceriaTableViewCell.swift in Sources */,
				B7A671672D0F757A00680231 /* ViewController.swift in Sources */,
				B7A671632D0F757A00680231 /* AppDelegate.swift in Sources */,
				B7A671652D0F757A00680231 /* SceneDelegate.swift in Sources */,
				B71B19DA2D0FDB450015553D /* LoginViewController.swift in Sources */,
				B71B19E62D0FDE4D0015553D /* EditarDulceriaViewController.swift in Sources */,
				B71B19E02D0FDE410015553D /* EditarPeliculaViewController.swift in Sources */,
				B71B19DE2D0FDE2E0015553D /* RegistrarPeliculaViewController.swift in Sources */,
				B7A6716D2D0F757A00680231 /* cinespoiler_ios.xcdatamodeld in Sources */,
				B71B19DC2D0FDE210015553D /* ListPeliculasViewController.swift in Sources */,
				B71B19E82D0FDE5A0015553D /* ListDulceriaViewController.swift in Sources */,
				B71B19EA2D0FDE5E0015553D /* RegistrarDulceViewController.swift in Sources */,
				B71B19E22D0FDE450015553D /* PeliculaTableViewCell.swift in Sources */,
			);
			runOnlyForDeploymentPostprocessing = 0;
		};
/* End PBXSourcesBuildPhase section */

/* Begin PBXVariantGroup section */
		B7A671682D0F757A00680231 /* Main.storyboard */ = {
			isa = PBXVariantGroup;
			children = (
				B7A671692D0F757A00680231 /* Base */,
			);
			name = Main.storyboard;
			sourceTree = "<group>";
		};
		B7A671702D0F757B00680231 /* LaunchScreen.storyboard */ = {
			isa = PBXVariantGroup;
			children = (
				B7A671712D0F757B00680231 /* Base */,
			);
			name = LaunchScreen.storyboard;
			sourceTree = "<group>";
		};
/* End PBXVariantGroup section */

/* Begin XCBuildConfiguration section */
		B7A671742D0F757B00680231 /* Debug */ = {
			isa = XCBuildConfiguration;
			buildSettings = {
				ALWAYS_SEARCH_USER_PATHS = NO;
				CLANG_ANALYZER_NONNULL = YES;
				CLANG_ANALYZER_NUMBER_OBJECT_CONVERSION = YES_AGGRESSIVE;
				CLANG_CXX_LANGUAGE_STANDARD = "gnu++20";
				CLANG_ENABLE_MODULES = YES;
				CLANG_ENABLE_OBJC_ARC = YES;
				CLANG_ENABLE_OBJC_WEAK = YES;
				CLANG_WARN_BLOCK_CAPTURE_AUTORELEASING = YES;
				CLANG_WARN_BOOL_CONVERSION = YES;
				CLANG_WARN_COMMA = YES;
				CLANG_WARN_CONSTANT_CONVERSION = YES;
				CLANG_WARN_DEPRECATED_OBJC_IMPLEMENTATIONS = YES;
				CLANG_WARN_DIRECT_OBJC_ISA_USAGE = YES_ERROR;
				CLANG_WARN_DOCUMENTATION_COMMENTS = YES;
				CLANG_WARN_EMPTY_BODY = YES;
				CLANG_WARN_ENUM_CONVERSION = YES;
				CLANG_WARN_INFINITE_RECURSION = YES;
				CLANG_WARN_INT_CONVERSION = YES;
				CLANG_WARN_NON_LITERAL_NULL_CONVERSION = YES;
				CLANG_WARN_OBJC_IMPLICIT_RETAIN_SELF = YES;
				CLANG_WARN_OBJC_LITERAL_CONVERSION = YES;
				CLANG_WARN_OBJC_ROOT_CLASS = YES_ERROR;
				CLANG_WARN_QUOTED_INCLUDE_IN_FRAMEWORK_HEADER = YES;
				CLANG_WARN_RANGE_LOOP_ANALYSIS = YES;
				CLANG_WARN_STRICT_PROTOTYPES = YES;
				CLANG_WARN_SUSPICIOUS_MOVE = YES;
				CLANG_WARN_UNGUARDED_AVAILABILITY = YES_AGGRESSIVE;
				CLANG_WARN_UNREACHABLE_CODE = YES;
				CLANG_WARN__DUPLICATE_METHOD_MATCH = YES;
				COPY_PHASE_STRIP = NO;
				DEBUG_INFORMATION_FORMAT = dwarf;
				ENABLE_STRICT_OBJC_MSGSEND = YES;
				ENABLE_TESTABILITY = YES;
				GCC_C_LANGUAGE_STANDARD = gnu11;
				GCC_DYNAMIC_NO_PIC = NO;
				GCC_NO_COMMON_BLOCKS = YES;
				GCC_OPTIMIZATION_LEVEL = 0;
				GCC_PREPROCESSOR_DEFINITIONS = (
					"DEBUG=1",
					"$(inherited)",
				);
				GCC_WARN_64_TO_32_BIT_CONVERSION = YES;
				GCC_WARN_ABOUT_RETURN_TYPE = YES_ERROR;
				GCC_WARN_UNDECLARED_SELECTOR = YES;
				GCC_WARN_UNINITIALIZED_AUTOS = YES_AGGRESSIVE;
				GCC_WARN_UNUSED_FUNCTION = YES;
				GCC_WARN_UNUSED_VARIABLE = YES;
				IPHONEOS_DEPLOYMENT_TARGET = 16.2;
				MTL_ENABLE_DEBUG_INFO = INCLUDE_SOURCE;
				MTL_FAST_MATH = YES;
				ONLY_ACTIVE_ARCH = YES;
				SDKROOT = iphoneos;
				SWIFT_ACTIVE_COMPILATION_CONDITIONS = DEBUG;
				SWIFT_OPTIMIZATION_LEVEL = "-Onone";
			};
			name = Debug;
		};
		B7A671752D0F757B00680231 /* Release */ = {
			isa = XCBuildConfiguration;
			buildSettings = {
				ALWAYS_SEARCH_USER_PATHS = NO;
				CLANG_ANALYZER_NONNULL = YES;
				CLANG_ANALYZER_NUMBER_OBJECT_CONVERSION = YES_AGGRESSIVE;
				CLANG_CXX_LANGUAGE_STANDARD = "gnu++20";
				CLANG_ENABLE_MODULES = YES;
				CLANG_ENABLE_OBJC_ARC = YES;
				CLANG_ENABLE_OBJC_WEAK = YES;
				CLANG_WARN_BLOCK_CAPTURE_AUTORELEASING = YES;
				CLANG_WARN_BOOL_CONVERSION = YES;
				CLANG_WARN_COMMA = YES;
				CLANG_WARN_CONSTANT_CONVERSION = YES;
				CLANG_WARN_DEPRECATED_OBJC_IMPLEMENTATIONS = YES;
				CLANG_WARN_DIRECT_OBJC_ISA_USAGE = YES_ERROR;
				CLANG_WARN_DOCUMENTATION_COMMENTS = YES;
				CLANG_WARN_EMPTY_BODY = YES;
				CLANG_WARN_ENUM_CONVERSION = YES;
				CLANG_WARN_INFINITE_RECURSION = YES;
				CLANG_WARN_INT_CONVERSION = YES;
				CLANG_WARN_NON_LITERAL_NULL_CONVERSION = YES;
				CLANG_WARN_OBJC_IMPLICIT_RETAIN_SELF = YES;
				CLANG_WARN_OBJC_LITERAL_CONVERSION = YES;
				CLANG_WARN_OBJC_ROOT_CLASS = YES_ERROR;
				CLANG_WARN_QUOTED_INCLUDE_IN_FRAMEWORK_HEADER = YES;
				CLANG_WARN_RANGE_LOOP_ANALYSIS = YES;
				CLANG_WARN_STRICT_PROTOTYPES = YES;
				CLANG_WARN_SUSPICIOUS_MOVE = YES;
				CLANG_WARN_UNGUARDED_AVAILABILITY = YES_AGGRESSIVE;
				CLANG_WARN_UNREACHABLE_CODE = YES;
				CLANG_WARN__DUPLICATE_METHOD_MATCH = YES;
				COPY_PHASE_STRIP = NO;
				DEBUG_INFORMATION_FORMAT = "dwarf-with-dsym";
				ENABLE_NS_ASSERTIONS = NO;
				ENABLE_STRICT_OBJC_MSGSEND = YES;
				GCC_C_LANGUAGE_STANDARD = gnu11;
				GCC_NO_COMMON_BLOCKS = YES;
				GCC_WARN_64_TO_32_BIT_CONVERSION = YES;
				GCC_WARN_ABOUT_RETURN_TYPE = YES_ERROR;
				GCC_WARN_UNDECLARED_SELECTOR = YES;
				GCC_WARN_UNINITIALIZED_AUTOS = YES_AGGRESSIVE;
				GCC_WARN_UNUSED_FUNCTION = YES;
				GCC_WARN_UNUSED_VARIABLE = YES;
				IPHONEOS_DEPLOYMENT_TARGET = 16.2;
				MTL_ENABLE_DEBUG_INFO = NO;
				MTL_FAST_MATH = YES;
				SDKROOT = iphoneos;
				SWIFT_COMPILATION_MODE = wholemodule;
				SWIFT_OPTIMIZATION_LEVEL = "-O";
				VALIDATE_PRODUCT = YES;
			};
			name = Release;
		};
		B7A671772D0F757B00680231 /* Debug */ = {
			isa = XCBuildConfiguration;
			buildSettings = {
				ASSETCATALOG_COMPILER_APPICON_NAME = AppIcon;
				ASSETCATALOG_COMPILER_GLOBAL_ACCENT_COLOR_NAME = AccentColor;
				CODE_SIGN_STYLE = Automatic;
				CURRENT_PROJECT_VERSION = 1;
				GENERATE_INFOPLIST_FILE = YES;
				INFOPLIST_FILE = cinespoiler_ios/Info.plist;
				INFOPLIST_KEY_UIApplicationSupportsIndirectInputEvents = YES;
				INFOPLIST_KEY_UILaunchStoryboardName = LaunchScreen;
				INFOPLIST_KEY_UIMainStoryboardFile = Main;
				INFOPLIST_KEY_UISupportedInterfaceOrientations_iPad = "UIInterfaceOrientationPortrait UIInterfaceOrientationPortraitUpsideDown UIInterfaceOrientationLandscapeLeft UIInterfaceOrientationLandscapeRight";
				INFOPLIST_KEY_UISupportedInterfaceOrientations_iPhone = "UIInterfaceOrientationPortrait UIInterfaceOrientationLandscapeLeft UIInterfaceOrientationLandscapeRight";
				LD_RUNPATH_SEARCH_PATHS = (
					"$(inherited)",
					"@executable_path/Frameworks",
				);
				MARKETING_VERSION = 1.0;
				PRODUCT_BUNDLE_IDENTIFIER = "pe.edu.cibertec.cinespoiler-ios";
				PRODUCT_NAME = "$(TARGET_NAME)";
				SWIFT_EMIT_LOC_STRINGS = YES;
				SWIFT_VERSION = 5.0;
				TARGETED_DEVICE_FAMILY = "1,2";
			};
			name = Debug;
		};
		B7A671782D0F757B00680231 /* Release */ = {
			isa = XCBuildConfiguration;
			buildSettings = {
				ASSETCATALOG_COMPILER_APPICON_NAME = AppIcon;
				ASSETCATALOG_COMPILER_GLOBAL_ACCENT_COLOR_NAME = AccentColor;
				CODE_SIGN_STYLE = Automatic;
				CURRENT_PROJECT_VERSION = 1;
				GENERATE_INFOPLIST_FILE = YES;
				INFOPLIST_FILE = cinespoiler_ios/Info.plist;
				INFOPLIST_KEY_UIApplicationSupportsIndirectInputEvents = YES;
				INFOPLIST_KEY_UILaunchStoryboardName = LaunchScreen;
				INFOPLIST_KEY_UIMainStoryboardFile = Main;
				INFOPLIST_KEY_UISupportedInterfaceOrientations_iPad = "UIInterfaceOrientationPortrait UIInterfaceOrientationPortraitUpsideDown UIInterfaceOrientationLandscapeLeft UIInterfaceOrientationLandscapeRight";
				INFOPLIST_KEY_UISupportedInterfaceOrientations_iPhone = "UIInterfaceOrientationPortrait UIInterfaceOrientationLandscapeLeft UIInterfaceOrientationLandscapeRight";
				LD_RUNPATH_SEARCH_PATHS = (
					"$(inherited)",
					"@executable_path/Frameworks",
				);
				MARKETING_VERSION = 1.0;
				PRODUCT_BUNDLE_IDENTIFIER = "pe.edu.cibertec.cinespoiler-ios";
				PRODUCT_NAME = "$(TARGET_NAME)";
				SWIFT_EMIT_LOC_STRINGS = YES;
				SWIFT_VERSION = 5.0;
				TARGETED_DEVICE_FAMILY = "1,2";
			};
			name = Release;
		};
/* End XCBuildConfiguration section */

/* Begin XCConfigurationList section */
		B7A6715A2D0F757A00680231 /* Build configuration list for PBXProject "cinespoiler_ios" */ = {
			isa = XCConfigurationList;
			buildConfigurations = (
				B7A671742D0F757B00680231 /* Debug */,
				B7A671752D0F757B00680231 /* Release */,
			);
			defaultConfigurationIsVisible = 0;
			defaultConfigurationName = Release;
		};
		B7A671762D0F757B00680231 /* Build configuration list for PBXNativeTarget "cinespoiler_ios" */ = {
			isa = XCConfigurationList;
			buildConfigurations = (
				B7A671772D0F757B00680231 /* Debug */,
				B7A671782D0F757B00680231 /* Release */,
			);
			defaultConfigurationIsVisible = 0;
			defaultConfigurationName = Release;
		};
/* End XCConfigurationList section */

/* Begin XCVersionGroup section */
		B7A6716B2D0F757A00680231 /* cinespoiler_ios.xcdatamodeld */ = {
			isa = XCVersionGroup;
			children = (
				B7A6716C2D0F757A00680231 /* cinespoiler_ios.xcdatamodel */,
			);
			currentVersion = B7A6716C2D0F757A00680231 /* cinespoiler_ios.xcdatamodel */;
			path = cinespoiler_ios.xcdatamodeld;
			sourceTree = "<group>";
			versionGroupType = wrapper.xcdatamodel;
		};
/* End XCVersionGroup section */
	};
	rootObject = B7A671572D0F757A00680231 /* Project object */;
}
